// !$*UTF8*$!
{
	archiveVersion = 1;
	classes = {
	};
	objectVersion = 77;
	objects = {

/* Begin PBXBuildFile section */
		0A1BD1372F3A34EF005AA44A /* WebMSupport in Frameworks */ = {isa = PBXBuildFile; productRef = 0A1BD1362F3A34EF005AA44A /* WebMSupport */; };
		0A8CFC452F336FC2006D784F /* YouTubeKit in Frameworks */ = {isa = PBXBuildFile; productRef = 0A8CFC442F336FC2006D784F /* YouTubeKit */; };
		0A8CFC5F2F34BAB7006D784F /* Hummingbird in Frameworks */ = {isa = PBXBuildFile; productRef = 0A8CFC5E2F34BAB7006D784F /* Hummingbird */; };
		0A8CFC622F34BAF8006D784F /* HummingbirdCore in Frameworks */ = {isa = PBXBuildFile; productRef = 0A8CFC612F34BAF8006D784F /* HummingbirdCore */; };
		0A8CFC642F34BAF8006D784F /* HummingbirdHTTP2 in Frameworks */ = {isa = PBXBuildFile; productRef = 0A8CFC632F34BAF8006D784F /* HummingbirdHTTP2 */; };
		0A8CFC662F34BAF8006D784F /* HummingbirdRouter in Frameworks */ = {isa = PBXBuildFile; productRef = 0A8CFC652F34BAF8006D784F /* HummingbirdRouter */; };
		0A8CFC682F34BAF8006D784F /* HummingbirdTesting in Frameworks */ = {isa = PBXBuildFile; productRef = 0A8CFC672F34BAF8006D784F /* HummingbirdTesting */; };
		0A8CFC6A2F34BAF8006D784F /* HummingbirdTLS in Frameworks */ = {isa = PBXBuildFile; productRef = 0A8CFC692F34BAF8006D784F /* HummingbirdTLS */; };
		0AA556D12F3A354D0072AB25 /* YouTubeKit in Frameworks */ = {isa = PBXBuildFile; productRef = 0AA556D02F3A354D0072AB25 /* YouTubeKit */; };
		0AAFFB512F292C5E007DD74E /* WebMSupport in Frameworks */ = {isa = PBXBuildFile; productRef = 0AAFFB502F292C5E007DD74E /* WebMSupport */; };
		0AAFFB762F2B57A8007DD74E /* com.mitocondria.LiveWallpaperHelper.app in Embed XPC Services */ = {isa = PBXBuildFile; fileRef = 0AAFFB6B2F2B57A8007DD74E /* com.mitocondria.LiveWallpaperHelper.app */; settings = {ATTRIBUTES = (RemoveHeadersOnCopy, ); }; };
/* End PBXBuildFile section */

/* Begin PBXContainerItemProxy section */
		0AAFFB742F2B57A8007DD74E /* PBXContainerItemProxy */ = {
			isa = PBXContainerItemProxy;
			containerPortal = 0A291C532F29066600A8B5B9 /* Project object */;
			proxyType = 1;
			remoteGlobalIDString = 0AAFFB6A2F2B57A8007DD74E;
			remoteInfo = LiveWallpaperHelper;
		};
/* End PBXContainerItemProxy section */

/* Begin PBXCopyFilesBuildPhase section */
		0AAFFB7B2F2B57A8007DD74E /* Embed XPC Services */ = {
			isa = PBXCopyFilesBuildPhase;
			buildActionMask = 2147483647;
			dstPath = "$(CONTENTS_FOLDER_PATH)/XPCServices";
			dstSubfolderSpec = 16;
			files = (
				0AAFFB762F2B57A8007DD74E /* com.mitocondria.LiveWallpaperHelper.app in Embed XPC Services */,
			);
			name = "Embed XPC Services";
			runOnlyForDeploymentPostprocessing = 0;
		};
/* End PBXCopyFilesBuildPhase section */

/* Begin PBXFileReference section */
		0A291C5B2F29066600A8B5B9 /* LiveWallpaperEnabler.app */ = {isa = PBXFileReference; explicitFileType = wrapper.application; includeInIndex = 0; path = LiveWallpaperEnabler.app; sourceTree = BUILT_PRODUCTS_DIR; };
		0AAFFB6B2F2B57A8007DD74E /* com.mitocondria.LiveWallpaperHelper.app */ = {isa = PBXFileReference; explicitFileType = "wrapper.xpc-service"; includeInIndex = 0; path = com.mitocondria.LiveWallpaperHelper.app; sourceTree = BUILT_PRODUCTS_DIR; };
/* End PBXFileReference section */

/* Begin PBXFileSystemSynchronizedBuildFileExceptionSet section */
		0AAFFB772F2B57A8007DD74E /* Exceptions for "LiveWallpaperHelper" folder in "LiveWallpaperHelper" target */ = {
			isa = PBXFileSystemSynchronizedBuildFileExceptionSet;
			membershipExceptions = (
				Info.plist,
			);
			target = 0AAFFB6A2F2B57A8007DD74E /* LiveWallpaperHelper */;
		};
		0AAFFB7E2F2BB081007DD74E /* Exceptions for "LiveWallpaperEnabler" folder in "LiveWallpaperHelper" target */ = {
			isa = PBXFileSystemSynchronizedBuildFileExceptionSet;
			membershipExceptions = (
				Core/Network/LiveWallpaperHelperProtocol.swift,
				Core/Network/YTDLPModels.swift,
				Core/QtParser/Analyzers/QtNALUnitParser.swift,
				Core/QtParser/Atoms/QtAtomContainer.swift,
				Core/QtParser/Atoms/QtAtomCsgm.swift,
				Core/QtParser/Atoms/QtAtomCtts.swift,
				Core/QtParser/Atoms/QtAtomDref.swift,
				Core/QtParser/Atoms/QtAtomElst.swift,
				Core/QtParser/Atoms/QtAtomFtyp.swift,
				Core/QtParser/Atoms/QtAtomHdlr.swift,
				Core/QtParser/Atoms/QtAtomMdhd.swift,
				Core/QtParser/Atoms/QtAtomMediaInfo.swift,
				Core/QtParser/Atoms/QtAtomMvhd.swift,
				Core/QtParser/Atoms/QtAtomSampleTable.swift,
				Core/QtParser/Atoms/QtAtomSampleTableExtra.swift,
				Core/QtParser/Atoms/QtAtomTapt.swift,
				Core/QtParser/Atoms/QtAtomTkhd.swift,
				Core/QtParser/Core/QtAtom.swift,
				Core/QtParser/Core/QtParser.swift,
				Core/QtParser/Core/QtReader.swift,
				Core/QtParser/Core/QtWriter.swift,
				Core/QtParser/Generators/QtAtomGenerator.swift,
				Core/QtParser/QtAtomPatcher.swift,
				Core/QtParser/QtDefaultRegistry.swift,
				Core/QtParser/WallpaperInjector.swift,
			);
			target = 0AAFFB6A2F2B57A8007DD74E /* LiveWallpaperHelper */;
		};
/* End PBXFileSystemSynchronizedBuildFileExceptionSet section */

/* Begin PBXFileSystemSynchronizedRootGroup section */
		0A291C5D2F29066600A8B5B9 /* LiveWallpaperEnabler */ = {
			isa = PBXFileSystemSynchronizedRootGroup;
			exceptions = (
				0AAFFB7E2F2BB081007DD74E /* Exceptions for "LiveWallpaperEnabler" folder in "LiveWallpaperHelper" target */,
			);
			path = LiveWallpaperEnabler;
			sourceTree = "<group>";
		};
		0AAFFB6C2F2B57A8007DD74E /* LiveWallpaperHelper */ = {
			isa = PBXFileSystemSynchronizedRootGroup;
			exceptions = (
				0AAFFB772F2B57A8007DD74E /* Exceptions for "LiveWallpaperHelper" folder in "LiveWallpaperHelper" target */,
			);
			path = LiveWallpaperHelper;
			sourceTree = "<group>";
		};
/* End PBXFileSystemSynchronizedRootGroup section */

/* Begin PBXFrameworksBuildPhase section */
		0A291C582F29066600A8B5B9 /* Frameworks */ = {
			isa = PBXFrameworksBuildPhase;
			buildActionMask = 2147483647;
			files = (
				0AAFFB512F292C5E007DD74E /* WebMSupport in Frameworks */,
				0A1BD1372F3A34EF005AA44A /* WebMSupport in Frameworks */,
				0AA556D12F3A354D0072AB25 /* YouTubeKit in Frameworks */,
			);
			runOnlyForDeploymentPostprocessing = 0;
		};
		0AAFFB682F2B57A8007DD74E /* Frameworks */ = {
			isa = PBXFrameworksBuildPhase;
			buildActionMask = 2147483647;
			files = (
				0A8CFC642F34BAF8006D784F /* HummingbirdHTTP2 in Frameworks */,
				0A8CFC662F34BAF8006D784F /* HummingbirdRouter in Frameworks */,
				0A8CFC6A2F34BAF8006D784F /* HummingbirdTLS in Frameworks */,
				0A8CFC682F34BAF8006D784F /* HummingbirdTesting in Frameworks */,
				0A8CFC452F336FC2006D784F /* YouTubeKit in Frameworks */,
				0A8CFC622F34BAF8006D784F /* HummingbirdCore in Frameworks */,
				0A8CFC5F2F34BAB7006D784F /* Hummingbird in Frameworks */,
			);
			runOnlyForDeploymentPostprocessing = 0;
		};
/* End PBXFrameworksBuildPhase section */

/* Begin PBXGroup section */
		0A291C522F29066600A8B5B9 = {
			isa = PBXGroup;
			children = (
				0A291C5D2F29066600A8B5B9 /* LiveWallpaperEnabler */,
				0AAFFB6C2F2B57A8007DD74E /* LiveWallpaperHelper */,
				0A8CFC602F34BAF8006D784F /* Frameworks */,
				0A291C5C2F29066600A8B5B9 /* Products */,
			);
			sourceTree = "<group>";
		};
		0A291C5C2F29066600A8B5B9 /* Products */ = {
			isa = PBXGroup;
			children = (
				0A291C5B2F29066600A8B5B9 /* LiveWallpaperEnabler.app */,
				0AAFFB6B2F2B57A8007DD74E /* com.mitocondria.LiveWallpaperHelper.app */,
			);
			name = Products;
			sourceTree = "<group>";
		};
		0A8CFC602F34BAF8006D784F /* Frameworks */ = {
			isa = PBXGroup;
			children = (
			);
			name = Frameworks;
			sourceTree = "<group>";
		};
/* End PBXGroup section */

/* Begin PBXNativeTarget section */
		0A291C5A2F29066600A8B5B9 /* LiveWallpaperEnabler */ = {
			isa = PBXNativeTarget;
			buildConfigurationList = 0A291C662F29066700A8B5B9 /* Build configuration list for PBXNativeTarget "LiveWallpaperEnabler" */;
			buildPhases = (
				0A291C572F29066600A8B5B9 /* Sources */,
				0A291C582F29066600A8B5B9 /* Frameworks */,
				0A291C592F29066600A8B5B9 /* Resources */,
				0AAFFB7B2F2B57A8007DD74E /* Embed XPC Services */,
			);
			buildRules = (
			);
			dependencies = (
				0AAFFB752F2B57A8007DD74E /* PBXTargetDependency */,
			);
			fileSystemSynchronizedGroups = (
				0A291C5D2F29066600A8B5B9 /* LiveWallpaperEnabler */,
			);
			name = LiveWallpaperEnabler;
			packageProductDependencies = (
				0AAFFB502F292C5E007DD74E /* WebMSupport */,
				0A1BD1362F3A34EF005AA44A /* WebMSupport */,
				0AA556D02F3A354D0072AB25 /* YouTubeKit */,
			);
			productName = LiveWallpaperEnabler;
			productReference = 0A291C5B2F29066600A8B5B9 /* LiveWallpaperEnabler.app */;
			productType = "com.apple.product-type.application";
		};
		0AAFFB6A2F2B57A8007DD74E /* LiveWallpaperHelper */ = {
			isa = PBXNativeTarget;
			buildConfigurationList = 0AAFFB782F2B57A8007DD74E /* Build configuration list for PBXNativeTarget "LiveWallpaperHelper" */;
			buildPhases = (
				0AAFFB672F2B57A8007DD74E /* Sources */,
				0AAFFB682F2B57A8007DD74E /* Frameworks */,
				0AAFFB692F2B57A8007DD74E /* Resources */,
			);
			buildRules = (
			);
			dependencies = (
			);
			fileSystemSynchronizedGroups = (
				0AAFFB6C2F2B57A8007DD74E /* LiveWallpaperHelper */,
			);
			name = LiveWallpaperHelper;
			packageProductDependencies = (
				0A8CFC442F336FC2006D784F /* YouTubeKit */,
				0A8CFC5E2F34BAB7006D784F /* Hummingbird */,
				0A8CFC612F34BAF8006D784F /* HummingbirdCore */,
				0A8CFC632F34BAF8006D784F /* HummingbirdHTTP2 */,
				0A8CFC652F34BAF8006D784F /* HummingbirdRouter */,
				0A8CFC672F34BAF8006D784F /* HummingbirdTesting */,
				0A8CFC692F34BAF8006D784F /* HummingbirdTLS */,
			);
			productName = LiveWallpaperHelper;
			productReference = 0AAFFB6B2F2B57A8007DD74E /* com.mitocondria.LiveWallpaperHelper.app */;
			productType = "com.apple.product-type.xpc-service";
		};
/* End PBXNativeTarget section */

/* Begin PBXProject section */
		0A291C532F29066600A8B5B9 /* Project object */ = {
			isa = PBXProject;
			attributes = {
				BuildIndependentTargetsInParallel = 1;
				LastSwiftUpdateCheck = 2610;
				LastUpgradeCheck = 2610;
				TargetAttributes = {
					0A291C5A2F29066600A8B5B9 = {
						CreatedOnToolsVersion = 26.1.1;
					};
					0AAFFB6A2F2B57A8007DD74E = {
						CreatedOnToolsVersion = 26.1.1;
					};
				};
			};
			buildConfigurationList = 0A291C562F29066600A8B5B9 /* Build configuration list for PBXProject "LiveWallpaperEnabler" */;
			developmentRegion = en;
			hasScannedForEncodings = 0;
			knownRegions = (
				en,
				Base,
			);
			mainGroup = 0A291C522F29066600A8B5B9;
			minimizedProjectReferenceProxies = 1;
			packageReferences = (
				0A8CFC5D2F34BAB7006D784F /* XCRemoteSwiftPackageReference "hummingbird" */,
				0A1BD1352F3A34EE005AA44A /* XCLocalSwiftPackageReference "../WebMSupport" */,
				0AA556CF2F3A354D0072AB25 /* XCLocalSwiftPackageReference "../YouTubeKit" */,
			);
			preferredProjectObjectVersion = 77;
			productRefGroup = 0A291C5C2F29066600A8B5B9 /* Products */;
			projectDirPath = "";
			projectRoot = "";
			targets = (
				0A291C5A2F29066600A8B5B9 /* LiveWallpaperEnabler */,
				0AAFFB6A2F2B57A8007DD74E /* LiveWallpaperHelper */,
			);
		};
/* End PBXProject section */

/* Begin PBXResourcesBuildPhase section */
		0A291C592F29066600A8B5B9 /* Resources */ = {
			isa = PBXResourcesBuildPhase;
			buildActionMask = 2147483647;
			files = (
			);
			runOnlyForDeploymentPostprocessing = 0;
		};
		0AAFFB692F2B57A8007DD74E /* Resources */ = {
			isa = PBXResourcesBuildPhase;
			buildActionMask = 2147483647;
			files = (
			);
			runOnlyForDeploymentPostprocessing = 0;
		};
/* End PBXResourcesBuildPhase section */

/* Begin PBXSourcesBuildPhase section */
		0A291C572F29066600A8B5B9 /* Sources */ = {
			isa = PBXSourcesBuildPhase;
			buildActionMask = 2147483647;
			files = (
			);
			runOnlyForDeploymentPostprocessing = 0;
		};
		0AAFFB672F2B57A8007DD74E /* Sources */ = {
			isa = PBXSourcesBuildPhase;
			buildActionMask = 2147483647;
			files = (
			);
			runOnlyForDeploymentPostprocessing = 0;
		};
/* End PBXSourcesBuildPhase section */

/* Begin PBXTargetDependency section */
		0AAFFB752F2B57A8007DD74E /* PBXTargetDependency */ = {
			isa = PBXTargetDependency;
			target = 0AAFFB6A2F2B57A8007DD74E /* LiveWallpaperHelper */;
			targetProxy = 0AAFFB742F2B57A8007DD74E /* PBXContainerItemProxy */;
		};
/* End PBXTargetDependency section */

/* Begin XCBuildConfiguration section */
		0A291C642F29066700A8B5B9 /* Debug */ = {
			isa = XCBuildConfiguration;
			buildSettings = {
				ALWAYS_SEARCH_USER_PATHS = NO;
				ASSETCATALOG_COMPILER_GENERATE_SWIFT_ASSET_SYMBOL_EXTENSIONS = YES;
				CLANG_ANALYZER_NONNULL = YES;
				CLANG_ANALYZER_NUMBER_OBJECT_CONVERSION = YES_AGGRESSIVE;
				CLANG_CXX_LANGUAGE_STANDARD = "gnu++20";
				CLANG_ENABLE_MODULES = YES;
				CLANG_ENABLE_OBJC_ARC = YES;
				CLANG_ENABLE_OBJC_WEAK = YES;
				CLANG_WARN_BLOCK_CAPTURE_AUTORELEASING = YES;
				CLANG_WARN_BOOL_CONVERSION = YES;
				CLANG_WARN_COMMA = YES;
				CLANG_WARN_CONSTANT_CONVERSION = YES;
				CLANG_WARN_DEPRECATED_OBJC_IMPLEMENTATIONS = YES;
				CLANG_WARN_DIRECT_OBJC_ISA_USAGE = YES_ERROR;
				CLANG_WARN_DOCUMENTATION_COMMENTS = YES;
				CLANG_WARN_EMPTY_BODY = YES;
				CLANG_WARN_ENUM_CONVERSION = YES;
				CLANG_WARN_INFINITE_RECURSION = YES;
				CLANG_WARN_INT_CONVERSION = YES;
				CLANG_WARN_NON_LITERAL_NULL_CONVERSION = YES;
				CLANG_WARN_OBJC_IMPLICIT_RETAIN_SELF = YES;
				CLANG_WARN_OBJC_LITERAL_CONVERSION = YES;
				CLANG_WARN_OBJC_ROOT_CLASS = YES_ERROR;
				CLANG_WARN_QUOTED_INCLUDE_IN_FRAMEWORK_HEADER = YES;
				CLANG_WARN_RANGE_LOOP_ANALYSIS = YES;
				CLANG_WARN_STRICT_PROTOTYPES = YES;
				CLANG_WARN_SUSPICIOUS_MOVE = YES;
				CLANG_WARN_UNGUARDED_AVAILABILITY = YES_AGGRESSIVE;
				CLANG_WARN_UNREACHABLE_CODE = YES;
				CLANG_WARN__DUPLICATE_METHOD_MATCH = YES;
				COPY_PHASE_STRIP = NO;
				DEBUG_INFORMATION_FORMAT = dwarf;
				ENABLE_STRICT_OBJC_MSGSEND = YES;
				ENABLE_TESTABILITY = YES;
				ENABLE_USER_SCRIPT_SANDBOXING = YES;
				GCC_C_LANGUAGE_STANDARD = gnu17;
				GCC_DYNAMIC_NO_PIC = NO;
				GCC_NO_COMMON_BLOCKS = YES;
				GCC_OPTIMIZATION_LEVEL = 0;
				GCC_PREPROCESSOR_DEFINITIONS = (
					"DEBUG=1",
					"$(inherited)",
				);
				GCC_WARN_64_TO_32_BIT_CONVERSION = YES;
				GCC_WARN_ABOUT_RETURN_TYPE = YES_ERROR;
				GCC_WARN_UNDECLARED_SELECTOR = YES;
				GCC_WARN_UNINITIALIZED_AUTOS = YES_AGGRESSIVE;
				GCC_WARN_UNUSED_FUNCTION = YES;
				GCC_WARN_UNUSED_VARIABLE = YES;
				LOCALIZATION_PREFERS_STRING_CATALOGS = YES;
				MACOSX_DEPLOYMENT_TARGET = 26.1;
				MTL_ENABLE_DEBUG_INFO = INCLUDE_SOURCE;
				MTL_FAST_MATH = YES;
				ONLY_ACTIVE_ARCH = YES;
				SDKROOT = macosx;
				SWIFT_ACTIVE_COMPILATION_CONDITIONS = "DEBUG $(inherited)";
				SWIFT_OBJC_INTEROP_MODE = objcxx;
				SWIFT_OPTIMIZATION_LEVEL = "-Onone";
				SWIFT_VERSION = 5.0;
			};
			name = Debug;
		};
		0A291C652F29066700A8B5B9 /* Release */ = {
			isa = XCBuildConfiguration;
			buildSettings = {
				ALWAYS_SEARCH_USER_PATHS = NO;
				ASSETCATALOG_COMPILER_GENERATE_SWIFT_ASSET_SYMBOL_EXTENSIONS = YES;
				CLANG_ANALYZER_NONNULL = YES;
				CLANG_ANALYZER_NUMBER_OBJECT_CONVERSION = YES_AGGRESSIVE;
				CLANG_CXX_LANGUAGE_STANDARD = "gnu++20";
				CLANG_ENABLE_MODULES = YES;
				CLANG_ENABLE_OBJC_ARC = YES;
				CLANG_ENABLE_OBJC_WEAK = YES;
				CLANG_WARN_BLOCK_CAPTURE_AUTORELEASING = YES;
				CLANG_WARN_BOOL_CONVERSION = YES;
				CLANG_WARN_COMMA = YES;
				CLANG_WARN_CONSTANT_CONVERSION = YES;
				CLANG_WARN_DEPRECATED_OBJC_IMPLEMENTATIONS = YES;
				CLANG_WARN_DIRECT_OBJC_ISA_USAGE = YES_ERROR;
				CLANG_WARN_DOCUMENTATION_COMMENTS = YES;
				CLANG_WARN_EMPTY_BODY = YES;
				CLANG_WARN_ENUM_CONVERSION = YES;
				CLANG_WARN_INFINITE_RECURSION = YES;
				CLANG_WARN_INT_CONVERSION = YES;
				CLANG_WARN_NON_LITERAL_NULL_CONVERSION = YES;
				CLANG_WARN_OBJC_IMPLICIT_RETAIN_SELF = YES;
				CLANG_WARN_OBJC_LITERAL_CONVERSION = YES;
				CLANG_WARN_OBJC_ROOT_CLASS = YES_ERROR;
				CLANG_WARN_QUOTED_INCLUDE_IN_FRAMEWORK_HEADER = YES;
				CLANG_WARN_RANGE_LOOP_ANALYSIS = YES;
				CLANG_WARN_STRICT_PROTOTYPES = YES;
				CLANG_WARN_SUSPICIOUS_MOVE = YES;
				CLANG_WARN_UNGUARDED_AVAILABILITY = YES_AGGRESSIVE;
				CLANG_WARN_UNREACHABLE_CODE = YES;
				CLANG_WARN__DUPLICATE_METHOD_MATCH = YES;
				COPY_PHASE_STRIP = NO;
				DEBUG_INFORMATION_FORMAT = "dwarf-with-dsym";
				ENABLE_NS_ASSERTIONS = NO;
				ENABLE_STRICT_OBJC_MSGSEND = YES;
				ENABLE_USER_SCRIPT_SANDBOXING = YES;
				GCC_C_LANGUAGE_STANDARD = gnu17;
				GCC_NO_COMMON_BLOCKS = YES;
				GCC_WARN_64_TO_32_BIT_CONVERSION = YES;
				GCC_WARN_ABOUT_RETURN_TYPE = YES_ERROR;
				GCC_WARN_UNDECLARED_SELECTOR = YES;
				GCC_WARN_UNINITIALIZED_AUTOS = YES_AGGRESSIVE;
				GCC_WARN_UNUSED_FUNCTION = YES;
				GCC_WARN_UNUSED_VARIABLE = YES;
				LOCALIZATION_PREFERS_STRING_CATALOGS = YES;
				MACOSX_DEPLOYMENT_TARGET = 26.1;
				MTL_ENABLE_DEBUG_INFO = NO;
				MTL_FAST_MATH = YES;
				SDKROOT = macosx;
				SWIFT_COMPILATION_MODE = wholemodule;
				SWIFT_OBJC_INTEROP_MODE = objcxx;
				SWIFT_VERSION = 5.0;
			};
			name = Release;
		};
		0A291C672F29066700A8B5B9 /* Debug */ = {
			isa = XCBuildConfiguration;
			buildSettings = {
				ASSETCATALOG_COMPILER_APPICON_NAME = AppIcon;
				ASSETCATALOG_COMPILER_GLOBAL_ACCENT_COLOR_NAME = AccentColor;
				CODE_SIGN_ENTITLEMENTS = LiveWallpaperEnabler/LiveWallpaperEnabler.entitlements;
				"CODE_SIGN_ENTITLEMENTS[sdk=*]" = "LiveWallpaperEnabler/LiveWallpaperEnabler-Direct.entitlements";
				"CODE_SIGN_IDENTITY[sdk=macosx*]" = "Apple Development";
				CODE_SIGN_STYLE = Automatic;
				COMBINE_HIDPI_IMAGES = YES;
				CURRENT_PROJECT_VERSION = 1;
				DEVELOPMENT_TEAM = KUJY2K5BCW;
				ENABLE_APP_SANDBOX = NO;
				ENABLE_PREVIEWS = YES;
				GENERATE_INFOPLIST_FILE = YES;
				INFOPLIST_KEY_LSApplicationCategoryType = "public.app-category.utilities";
				INFOPLIST_KEY_NSHumanReadableCopyright = "";
				LD_RUNPATH_SEARCH_PATHS = (
					"$(inherited)",
					"@executable_path/../Frameworks",
				);
				MARKETING_VERSION = 2026.01.29;
				"OTHER_SWIFT_FLAGS[arch=*]" = "-D DIRECT_DISTRIBUTION";
				PRODUCT_BUNDLE_IDENTIFIER = com.mitocondria.LiveWallpaperEnabler;
				PRODUCT_NAME = "$(TARGET_NAME)";
				REGISTER_APP_GROUPS = YES;
				STRING_CATALOG_GENERATE_SYMBOLS = YES;
				SWIFT_APPROACHABLE_CONCURRENCY = YES;
				SWIFT_DEFAULT_ACTOR_ISOLATION = MainActor;
				SWIFT_EMIT_LOC_STRINGS = YES;
				SWIFT_UPCOMING_FEATURE_MEMBER_IMPORT_VISIBILITY = YES;
				SWIFT_VERSION = 5.0;
			};
			name = Debug;
		};
		0A291C682F29066700A8B5B9 /* Release */ = {
			isa = XCBuildConfiguration;
			buildSettings = {
				ASSETCATALOG_COMPILER_APPICON_NAME = AppIcon;
				ASSETCATALOG_COMPILER_GLOBAL_ACCENT_COLOR_NAME = AccentColor;
				CODE_SIGN_ENTITLEMENTS = LiveWallpaperEnabler/LiveWallpaperEnabler.entitlements;
				"CODE_SIGN_IDENTITY[sdk=macosx*]" = "Apple Development";
				CODE_SIGN_STYLE = Automatic;
				COMBINE_HIDPI_IMAGES = YES;
				CURRENT_PROJECT_VERSION = 1;
				DEVELOPMENT_TEAM = KUJY2K5BCW;
				ENABLE_APP_SANDBOX = YES;
				ENABLE_INCOMING_NETWORK_CONNECTIONS = NO;
				ENABLE_OUTGOING_NETWORK_CONNECTIONS = NO;
				ENABLE_PREVIEWS = YES;
				ENABLE_RESOURCE_ACCESS_AUDIO_INPUT = NO;
				ENABLE_RESOURCE_ACCESS_BLUETOOTH = NO;
				ENABLE_RESOURCE_ACCESS_CALENDARS = NO;
				ENABLE_RESOURCE_ACCESS_CAMERA = NO;
				ENABLE_RESOURCE_ACCESS_CONTACTS = NO;
				ENABLE_RESOURCE_ACCESS_LOCATION = NO;
				ENABLE_RESOURCE_ACCESS_PRINTING = NO;
				ENABLE_RESOURCE_ACCESS_USB = NO;
				GENERATE_INFOPLIST_FILE = YES;
				INFOPLIST_KEY_LSApplicationCategoryType = "public.app-category.utilities";
				INFOPLIST_KEY_NSHumanReadableCopyright = "";
				LD_RUNPATH_SEARCH_PATHS = (
					"$(inherited)",
					"@executable_path/../Frameworks",
				);
				MARKETING_VERSION = 2026.01.29;
				"OTHER_SWIFT_FLAGS[arch=*]" = "-D DIRECT_DISTRIBUTION";
				PRODUCT_BUNDLE_IDENTIFIER = com.mitocondria.LiveWallpaperEnabler;
				PRODUCT_NAME = "$(TARGET_NAME)";
				REGISTER_APP_GROUPS = YES;
				STRING_CATALOG_GENERATE_SYMBOLS = YES;
				SWIFT_APPROACHABLE_CONCURRENCY = YES;
				SWIFT_DEFAULT_ACTOR_ISOLATION = MainActor;
				SWIFT_EMIT_LOC_STRINGS = YES;
				SWIFT_UPCOMING_FEATURE_MEMBER_IMPORT_VISIBILITY = YES;
				SWIFT_VERSION = 5.0;
			};
			name = Release;
		};
		0AAFFB792F2B57A8007DD74E /* Debug */ = {
			isa = XCBuildConfiguration;
			buildSettings = {
				CODE_SIGN_ENTITLEMENTS = LiveWallpaperHelper/LiveWallpaperHelper.entitlements;
				"CODE_SIGN_ENTITLEMENTS[sdk=*]" = LiveWallpaperHelper/LiveWallpaperHelper.entitlements;
				CODE_SIGN_IDENTITY = "Apple Development";
				"CODE_SIGN_IDENTITY[sdk=macosx*]" = "Apple Development";
				CODE_SIGN_STYLE = Automatic;
				COMBINE_HIDPI_IMAGES = YES;
				CURRENT_PROJECT_VERSION = 1;
				DEVELOPMENT_TEAM = KUJY2K5BCW;
				ENABLE_APP_SANDBOX = NO;
				GENERATE_INFOPLIST_FILE = YES;
				INFOPLIST_FILE = LiveWallpaperHelper/Info.plist;
				INFOPLIST_KEY_CFBundleDisplayName = LiveWallpaperHelper;
				INFOPLIST_KEY_NSHumanReadableCopyright = "";
				MARKETING_VERSION = 1.0;
				PRODUCT_BUNDLE_IDENTIFIER = com.mitocondria.LiveWallpaperHelper;
				PRODUCT_NAME = com.mitocondria.LiveWallpaperHelper;
				PROVISIONING_PROFILE_SPECIFIER = "";
				REGISTER_APP_GROUPS = YES;
				SKIP_INSTALL = YES;
				STRING_CATALOG_GENERATE_SYMBOLS = YES;
				SWIFT_APPROACHABLE_CONCURRENCY = YES;
				SWIFT_EMIT_LOC_STRINGS = YES;
				SWIFT_UPCOMING_FEATURE_MEMBER_IMPORT_VISIBILITY = YES;
				SWIFT_VERSION = 5.0;
				WRAPPER_EXTENSION = app;
			};
			name = Debug;
		};
		0AAFFB7A2F2B57A8007DD74E /* Release */ = {
			isa = XCBuildConfiguration;
			buildSettings = {
				CODE_SIGN_ENTITLEMENTS = LiveWallpaperHelper/LiveWallpaperHelper.entitlements;
				CODE_SIGN_IDENTITY = "Apple Development";
				"CODE_SIGN_IDENTITY[sdk=macosx*]" = "Apple Development";
				CODE_SIGN_STYLE = Automatic;
				COMBINE_HIDPI_IMAGES = YES;
				CURRENT_PROJECT_VERSION = 1;
				DEVELOPMENT_TEAM = KUJY2K5BCW;
				ENABLE_APP_SANDBOX = NO;
				GENERATE_INFOPLIST_FILE = YES;
				INFOPLIST_FILE = LiveWallpaperHelper/Info.plist;
				INFOPLIST_KEY_CFBundleDisplayName = LiveWallpaperHelper;
				INFOPLIST_KEY_NSHumanReadableCopyright = "";
				MARKETING_VERSION = 1.0;
				PRODUCT_BUNDLE_IDENTIFIER = com.mitocondria.LiveWallpaperHelper;
				PRODUCT_NAME = com.mitocondria.LiveWallpaperHelper;
				PROVISIONING_PROFILE_SPECIFIER = "";
				REGISTER_APP_GROUPS = YES;
				SKIP_INSTALL = YES;
				STRING_CATALOG_GENERATE_SYMBOLS = YES;
				SWIFT_APPROACHABLE_CONCURRENCY = YES;
				SWIFT_EMIT_LOC_STRINGS = YES;
				SWIFT_UPCOMING_FEATURE_MEMBER_IMPORT_VISIBILITY = YES;
				SWIFT_VERSION = 5.0;
				WRAPPER_EXTENSION = app;
			};
			name = Release;
		};
/* End XCBuildConfiguration section */

/* Begin XCConfigurationList section */
		0A291C562F29066600A8B5B9 /* Build configuration list for PBXProject "LiveWallpaperEnabler" */ = {
			isa = XCConfigurationList;
			buildConfigurations = (
				0A291C642F29066700A8B5B9 /* Debug */,
				0A291C652F29066700A8B5B9 /* Release */,
			);
			defaultConfigurationIsVisible = 0;
			defaultConfigurationName = Release;
		};
		0A291C662F29066700A8B5B9 /* Build configuration list for PBXNativeTarget "LiveWallpaperEnabler" */ = {
			isa = XCConfigurationList;
			buildConfigurations = (
				0A291C672F29066700A8B5B9 /* Debug */,
				0A291C682F29066700A8B5B9 /* Release */,
			);
			defaultConfigurationIsVisible = 0;
			defaultConfigurationName = Release;
		};
		0AAFFB782F2B57A8007DD74E /* Build configuration list for PBXNativeTarget "LiveWallpaperHelper" */ = {
			isa = XCConfigurationList;
			buildConfigurations = (
				0AAFFB792F2B57A8007DD74E /* Debug */,
				0AAFFB7A2F2B57A8007DD74E /* Release */,
			);
			defaultConfigurationIsVisible = 0;
			defaultConfigurationName = Release;
		};
/* End XCConfigurationList section */

/* Begin XCLocalSwiftPackageReference section */
		0A1BD1352F3A34EE005AA44A /* XCLocalSwiftPackageReference "../WebMSupport" */ = {
			isa = XCLocalSwiftPackageReference;
			relativePath = ../WebMSupport;
		};
		0AA556CF2F3A354D0072AB25 /* XCLocalSwiftPackageReference "../YouTubeKit" */ = {
			isa = XCLocalSwiftPackageReference;
			relativePath = ../YouTubeKit;
		};
/* End XCLocalSwiftPackageReference section */

/* Begin XCRemoteSwiftPackageReference section */
		0A8CFC5D2F34BAB7006D784F /* XCRemoteSwiftPackageReference "hummingbird" */ = {
			isa = XCRemoteSwiftPackageReference;
			repositoryURL = "https://github.com/hummingbird-project/hummingbird.git";
			requirement = {
				kind = upToNextMajorVersion;
				minimumVersion = 2.20.0;
			};
		};
/* End XCRemoteSwiftPackageReference section */

/* Begin XCSwiftPackageProductDependency section */
		0A1BD1362F3A34EF005AA44A /* WebMSupport */ = {
			isa = XCSwiftPackageProductDependency;
			productName = WebMSupport;
		};
		0A8CFC442F336FC2006D784F /* YouTubeKit */ = {
			isa = XCSwiftPackageProductDependency;
			productName = YouTubeKit;
		};
		0A8CFC5E2F34BAB7006D784F /* Hummingbird */ = {
			isa = XCSwiftPackageProductDependency;
			package = 0A8CFC5D2F34BAB7006D784F /* XCRemoteSwiftPackageReference "hummingbird" */;
			productName = Hummingbird;
		};
		0A8CFC612F34BAF8006D784F /* HummingbirdCore */ = {
			isa = XCSwiftPackageProductDependency;
			package = 0A8CFC5D2F34BAB7006D784F /* XCRemoteSwiftPackageReference "hummingbird" */;
			productName = HummingbirdCore;
		};
		0A8CFC632F34BAF8006D784F /* HummingbirdHTTP2 */ = {
			isa = XCSwiftPackageProductDependency;
			package = 0A8CFC5D2F34BAB7006D784F /* XCRemoteSwiftPackageReference "hummingbird" */;
			productName = HummingbirdHTTP2;
		};
		0A8CFC652F34BAF8006D784F /* HummingbirdRouter */ = {
			isa = XCSwiftPackageProductDependency;
			package = 0A8CFC5D2F34BAB7006D784F /* XCRemoteSwiftPackageReference "hummingbird" */;
			productName = HummingbirdRouter;
		};
		0A8CFC672F34BAF8006D784F /* HummingbirdTesting */ = {
			isa = XCSwiftPackageProductDependency;
			package = 0A8CFC5D2F34BAB7006D784F /* XCRemoteSwiftPackageReference "hummingbird" */;
			productName = HummingbirdTesting;
		};
		0A8CFC692F34BAF8006D784F /* HummingbirdTLS */ = {
			isa = XCSwiftPackageProductDependency;
			package = 0A8CFC5D2F34BAB7006D784F /* XCRemoteSwiftPackageReference "hummingbird" */;
			productName = HummingbirdTLS;
		};
		0AA556D02F3A354D0072AB25 /* YouTubeKit */ = {
			isa = XCSwiftPackageProductDependency;
			productName = YouTubeKit;
		};
		0AAFFB502F292C5E007DD74E /* WebMSupport */ = {
			isa = XCSwiftPackageProductDependency;
			productName = WebMSupport;
		};
/* End XCSwiftPackageProductDependency section */
	};
	rootObject = 0A291C532F29066600A8B5B9 /* Project object */;
}
